# This file was autogenerated by Stack.
# You should not edit this file by hand.
# For more information, please see the documentation at:
#   https://docs.haskellstack.org/en/stable/lock_files

packages:
- completed:
    hackage: base-noprelude-4.12.0.0@sha256:dcd5ece10257f79fa16e207d558b31ab3467b205adae5d1976abdee28b1c8b4a,6845
    pantry-tree:
      size: 158
      sha256: 1e4118716a2078385341d7df2f876b616744c3a8f945247766e60f48e32b3d1d
  original:
    hackage: base-noprelude-4.12.0.0
- completed:
    hackage: aeson-options-0.1.0@sha256:2d0c25afbb2d038bd5b57de8d042e319ea1a5ec7d7b92810d8a0cf0777882b6a,1244
    pantry-tree:
      size: 277
      sha256: 4a3ddbdaa61d788155aac6e7601d429a8820441f7b5e31d417b2dbdbf9748be2
  original:
    hackage: aeson-options-0.1.0
- completed:
    hackage: esqueleto-2.7.0@sha256:4cbb7136ec67d7cedd0439dd6932bb091c346ab27ed3fdf659228b73fb619896,5205
    pantry-tree:
      size: 1044
      sha256: 76fce11d7548356fc0d7fdb93ced98cd2b8ec11d519f2051671551ab6cb89b13
  original:
    hackage: esqueleto-2.7.0
- completed:
    hackage: random-strings-0.1.1.0@sha256:935a7a23dab45411960df77636a29b44ce42b89eeb15f2b1e809d771491fa677,2517
    pantry-tree:
      size: 663
      sha256: 5a382966fdd8d5220b5791f3bff6db00d2ea29235e2716dadd52461b8a8beb97
  original:
    hackage: random-strings-0.1.1.0@sha256:935a7a23dab45411960df77636a29b44ce42b89eeb15f2b1e809d771491fa677
snapshots:
- completed:
    size: 498155
    url: https://raw.githubusercontent.com/commercialhaskell/stackage-snapshots/master/lts/13/19.yaml
    sha256: b9367a80d4393d02e58a46b8a9fdfbd7bc19f59c0c2bbf90034ba15cf52cf213
  original: lts-13.19
