# This file was autogenerated by Stack.
# You should not edit this file by hand.
# For more information, please see the documentation at:
#   https://docs.haskellstack.org/en/stable/lock_files

packages:
- completed:
    hackage: base-noprelude-4.11.1.0@sha256:f85e44cb50a0d0b2320baf9677d764beb1d247a3c15d1b97e3404ff7e7efd00b,7036
    pantry-tree:
      size: 158
      sha256: c102629c3d833f43c0961a34a33f94397a7477a15b7fe4fb10386ea575cc7d79
  original:
    hackage: base-noprelude-4.11.1.0
- completed:
    hackage: aeson-options-0.1.0@sha256:2d0c25afbb2d038bd5b57de8d042e319ea1a5ec7d7b92810d8a0cf0777882b6a,1244
    pantry-tree:
      size: 277
      sha256: 4a3ddbdaa61d788155aac6e7601d429a8820441f7b5e31d417b2dbdbf9748be2
  original:
    hackage: aeson-options-0.1.0
- completed:
    hackage: esqueleto-2.6.0@sha256:e4672cd3baec100ef8597224abae4e030795e8a1f80abb6e0c3e2570f213a258,5154
    pantry-tree:
      size: 941
      sha256: c6af6dfb4de2e9eb75b61d84a3d429749422f6a511fb810b9fe3737104e5f9fc
  original:
    hackage: esqueleto-2.6.0@sha256:e4672cd3baec100ef8597224abae4e030795e8a1f80abb6e0c3e2570f213a258
- completed:
    hackage: random-strings-0.1.1.0@sha256:935a7a23dab45411960df77636a29b44ce42b89eeb15f2b1e809d771491fa677,2517
    pantry-tree:
      size: 663
      sha256: 5a382966fdd8d5220b5791f3bff6db00d2ea29235e2716dadd52461b8a8beb97
  original:
    hackage: random-strings-0.1.1.0@sha256:935a7a23dab45411960df77636a29b44ce42b89eeb15f2b1e809d771491fa677
snapshots:
- completed:
    size: 509471
    url: https://raw.githubusercontent.com/commercialhaskell/stackage-snapshots/master/lts/12/26.yaml
    sha256: 95f014df58d0679b1c4a2b7bf2b652b61da8d30de5f571abb0d59015ef678646
  original: lts-12.26
